
Microsoft Visual Studio Solution File, Format Version 12.00
# Visual Studio Version 17
VisualStudioVersion = 17.9.34723.18
MinimumVisualStudioVersion = 10.0.40219.1
Project("{FAE04EC0-301F-11D3-BF4B-00C04F79EFBC}") = "ActionResults", "ActionResults\ActionResults.csproj", "{A1DAA037-81CD-440F-B6DD-CA2BA23613ED}"
EndProject
Global
	GlobalSection(SolutionConfigurationPlatforms) = preSolution
		Debug|Any CPU = Debug|Any CPU
		Release|Any CPU = Release|Any CPU
	EndGlobalSection
	GlobalSection(ProjectConfigurationPlatforms) = postSolution
		{A1DAA037-81CD-440F-B6DD-CA2BA23613ED}.Debug|Any CPU.ActiveCfg = Debug|Any CPU
		{A1DAA037-81CD-440F-B6DD-CA2BA23613ED}.Debug|Any CPU.Build.0 = Debug|Any CPU
		{A1DAA037-81CD-440F-B6DD-CA2BA23613ED}.Release|Any CPU.ActiveCfg = Release|Any CPU
		{A1DAA037-81CD-440F-B6DD-CA2BA23613ED}.Release|Any CPU.Build.0 = Release|Any CPU
	EndGlobalSection
	GlobalSection(SolutionProperties) = preSolution
		HideSolutionNode = FALSE
	EndGlobalSection
	GlobalSection(ExtensibilityGlobals) = postSolution
		SolutionGuid = {70D47C2F-19E5-4AD4-98DE-58A56AE391C5}
	EndGlobalSection
EndGlobal
